{
  "version": 4,
  "terraform_version": "1.5.1",
  "serial": 2,
  "lineage": "cd7f4082-c342-aec8-a467-1ad87bffb7bc",
  "outputs": {
    "ecr_arn": {
      "value": "arn:aws:ecr:eu-central-1:313422618945:repository/ardian-ick",
      "type": "string"
    },
    "ecr_id": {
      "value": "ardian-ick",
      "type": "string"
    }
  },
  "resources": [
    {
      "mode": "managed",
      "type": "aws_ecr_repository",
      "name": "this",
      "provider": "provider[\"registry.terraform.io/hashicorp/aws\"]",
      "instances": [
        {
          "schema_version": 0,
          "attributes": {
            "arn": "arn:aws:ecr:eu-central-1:313422618945:repository/ardian-ick",
            "encryption_configuration": [
              {
                "encryption_type": "AES256",
                "kms_key": ""
              }
            ],
            "force_delete": null,
            "id": "ardian-ick",
            "image_scanning_configuration": [
              {
                "scan_on_push": true
              }
            ],
            "image_tag_mutability": "MUTABLE",
            "name": "ardian-ick",
            "registry_id": "313422618945",
            "repository_url": "313422618945.dkr.ecr.eu-central-1.amazonaws.com/ardian-ick",
            "tags": {},
            "tags_all": {},
            "timeouts": null
          },
          "sensitive_attributes": [],
          "private": "eyJlMmJmYjczMC1lY2FhLTExZTYtOGY4OC0zNDM2M2JjN2M0YzAiOnsiZGVsZXRlIjoxMjAwMDAwMDAwMDAwfX0="
        }
      ]
    }
  ],
  "check_results": null
}
